
Microsoft Visual Studio Solution File, Format Version 12.00
# Visual Studio Version 16
VisualStudioVersion = 16.0.30517.126
MinimumVisualStudioVersion = 10.0.40219.1
Project("{FAE04EC0-301F-11D3-BF4B-00C04F79EFBC}") = "Nyous_API", "Nyous_API.csproj", "{B7A4CD1E-2ADD-414F-8C44-48856E75D736}"
EndProject
Global
	GlobalSection(SolutionConfigurationPlatforms) = preSolution
		Debug|Any CPU = Debug|Any CPU
		Release|Any CPU = Release|Any CPU
	EndGlobalSection
	GlobalSection(ProjectConfigurationPlatforms) = postSolution
		{B7A4CD1E-2ADD-414F-8C44-48856E75D736}.Debug|Any CPU.ActiveCfg = Debug|Any CPU
		{B7A4CD1E-2ADD-414F-8C44-48856E75D736}.Debug|Any CPU.Build.0 = Debug|Any CPU
		{B7A4CD1E-2ADD-414F-8C44-48856E75D736}.Release|Any CPU.ActiveCfg = Release|Any CPU
		{B7A4CD1E-2ADD-414F-8C44-48856E75D736}.Release|Any CPU.Build.0 = Release|Any CPU
	EndGlobalSection
	GlobalSection(SolutionProperties) = preSolution
		HideSolutionNode = FALSE
	EndGlobalSection
	GlobalSection(ExtensibilityGlobals) = postSolution
		SolutionGuid = {84889962-6320-4736-B7E5-5C454EEA83E7}
	EndGlobalSection
EndGlobal
