
Microsoft Visual Studio Solution File, Format Version 12.00
# Visual Studio Version 16
VisualStudioVersion = 16.0.30517.126
MinimumVisualStudioVersion = 10.0.40219.1
Project("{FAE04EC0-301F-11D3-BF4B-00C04F79EFBC}") = "Aula6_EfCore", "Aula6_EfCore.csproj", "{CEB9EBB7-95F0-418F-AD78-0C7C30770531}"
EndProject
Global
	GlobalSection(SolutionConfigurationPlatforms) = preSolution
		Debug|Any CPU = Debug|Any CPU
		Release|Any CPU = Release|Any CPU
	EndGlobalSection
	GlobalSection(ProjectConfigurationPlatforms) = postSolution
		{CEB9EBB7-95F0-418F-AD78-0C7C30770531}.Debug|Any CPU.ActiveCfg = Debug|Any CPU
		{CEB9EBB7-95F0-418F-AD78-0C7C30770531}.Debug|Any CPU.Build.0 = Debug|Any CPU
		{CEB9EBB7-95F0-418F-AD78-0C7C30770531}.Release|Any CPU.ActiveCfg = Release|Any CPU
		{CEB9EBB7-95F0-418F-AD78-0C7C30770531}.Release|Any CPU.Build.0 = Release|Any CPU
	EndGlobalSection
	GlobalSection(SolutionProperties) = preSolution
		HideSolutionNode = FALSE
	EndGlobalSection
	GlobalSection(ExtensibilityGlobals) = postSolution
		SolutionGuid = {640ED3C9-7AF7-448C-9A23-C4BCFDE77141}
	EndGlobalSection
EndGlobal
